// !$*UTF8*$!
{
	archiveVersion = 1;
	classes = {
	};
	objectVersion = 60;
	objects = {

/* Begin PBXContainerItemProxy section */
		4C3D7E1B2C4B0ED30023BCF8 /* PBXContainerItemProxy */ = {
			isa = PBXContainerItemProxy;
			containerPortal = 4C3D7DF92C4B0ED20023BCF8 /* Project object */;
			proxyType = 1;
			remoteGlobalIDString = 4C3D7E002C4B0ED20023BCF8;
			remoteInfo = SolitaireHands;
		};
		4C3D7E252C4B0ED30023BCF8 /* PBXContainerItemProxy */ = {
			isa = PBXContainerItemProxy;
			containerPortal = 4C3D7DF92C4B0ED20023BCF8 /* Project object */;
			proxyType = 1;
			remoteGlobalIDString = 4C3D7E002C4B0ED20023BCF8;
			remoteInfo = SolitaireHands;
		};
/* End PBXContainerItemProxy section */

/* Begin PBXFileReference section */
		4C3D7E012C4B0ED20023BCF8 /* SolitaireHands.app */ = {isa = PBXFileReference; explicitFileType = wrapper.application; includeInIndex = 0; path = SolitaireHands.app; sourceTree = BUILT_PRODUCTS_DIR; };
		4C3D7E1A2C4B0ED30023BCF8 /* SolitaireHandsTests.xctest */ = {isa = PBXFileReference; explicitFileType = wrapper.cfbundle; includeInIndex = 0; path = SolitaireHandsTests.xctest; sourceTree = BUILT_PRODUCTS_DIR; };
		4C3D7E242C4B0ED30023BCF8 /* SolitaireHandsUITests.xctest */ = {isa = PBXFileReference; explicitFileType = wrapper.cfbundle; includeInIndex = 0; path = SolitaireHandsUITests.xctest; sourceTree = BUILT_PRODUCTS_DIR; };
/* End PBXFileReference section */

/* Begin PBXFileSystemSynchronizedBuildFileExceptionSet section */
		4C3D7E2C2C4B0ED30023BCF8 /* PBXFileSystemSynchronizedBuildFileExceptionSet */ = {
			isa = PBXFileSystemSynchronizedBuildFileExceptionSet;
			membershipExceptions = (
				/Localized/LaunchScreen.storyboard,
				/Localized/Main.storyboard,
			);
			target = 4C3D7E002C4B0ED20023BCF8 /* SolitaireHands */;
		};
/* End PBXFileSystemSynchronizedBuildFileExceptionSet section */

/* Begin PBXFileSystemSynchronizedGroupBuildPhaseMembershipExceptionSet section */
		4C3D7E302C4B0ED30023BCF8 /* PBXFileSystemSynchronizedGroupBuildPhaseMembershipExceptionSet */ = {
			isa = PBXFileSystemSynchronizedGroupBuildPhaseMembershipExceptionSet;
			buildPhase = 4C3D7DFF2C4B0ED20023BCF8 /* Resources */;
			membershipExceptions = (
				Base.lproj/LaunchScreen.storyboard,
				Base.lproj/Main.storyboard,
			);
		};
/* End PBXFileSystemSynchronizedGroupBuildPhaseMembershipExceptionSet section */

/* Begin PBXFileSystemSynchronizedRootGroup section */
		4C3D7E032C4B0ED20023BCF8 /* SolitaireHands */ = {isa = PBXFileSystemSynchronizedRootGroup; exceptions = (4C3D7E2C2C4B0ED30023BCF8 /* PBXFileSystemSynchronizedBuildFileExceptionSet */, 4C3D7E302C4B0ED30023BCF8 /* PBXFileSystemSynchronizedGroupBuildPhaseMembershipExceptionSet */, ); explicitFileTypes = {}; explicitFolders = (); path = SolitaireHands; sourceTree = "<group>"; };
		4C3D7E1D2C4B0ED30023BCF8 /* SolitaireHandsTests */ = {isa = PBXFileSystemSynchronizedRootGroup; explicitFileTypes = {}; explicitFolders = (); path = SolitaireHandsTests; sourceTree = "<group>"; };
		4C3D7E272C4B0ED30023BCF8 /* SolitaireHandsUITests */ = {isa = PBXFileSystemSynchronizedRootGroup; explicitFileTypes = {}; explicitFolders = (); path = SolitaireHandsUITests; sourceTree = "<group>"; };
/* End PBXFileSystemSynchronizedRootGroup section */

/* Begin PBXFrameworksBuildPhase section */
		4C3D7DFE2C4B0ED20023BCF8 /* Frameworks */ = {
			isa = PBXFrameworksBuildPhase;
			buildActionMask = 2147483647;
			files = (
			);
			runOnlyForDeploymentPostprocessing = 0;
		};
		4C3D7E172C4B0ED30023BCF8 /* Frameworks */ = {
			isa = PBXFrameworksBuildPhase;
			buildActionMask = 2147483647;
			files = (
			);
			runOnlyForDeploymentPostprocessing = 0;
		};
		4C3D7E212C4B0ED30023BCF8 /* Frameworks */ = {
			isa = PBXFrameworksBuildPhase;
			buildActionMask = 2147483647;
			files = (
			);
			runOnlyForDeploymentPostprocessing = 0;
		};
/* End PBXFrameworksBuildPhase section */

/* Begin PBXGroup section */
		4C3D7DF82C4B0ED20023BCF8 = {
			isa = PBXGroup;
			children = (
				4C3D7E032C4B0ED20023BCF8 /* SolitaireHands */,
				4C3D7E1D2C4B0ED30023BCF8 /* SolitaireHandsTests */,
				4C3D7E272C4B0ED30023BCF8 /* SolitaireHandsUITests */,
				4C3D7E022C4B0ED20023BCF8 /* Products */,
			);
			sourceTree = "<group>";
		};
		4C3D7E022C4B0ED20023BCF8 /* Products */ = {
			isa = PBXGroup;
			children = (
				4C3D7E012C4B0ED20023BCF8 /* SolitaireHands.app */,
				4C3D7E1A2C4B0ED30023BCF8 /* SolitaireHandsTests.xctest */,
				4C3D7E242C4B0ED30023BCF8 /* SolitaireHandsUITests.xctest */,
			);
			name = Products;
			sourceTree = "<group>";
		};
/* End PBXGroup section */

/* Begin PBXNativeTarget section */
		4C3D7E002C4B0ED20023BCF8 /* SolitaireHands */ = {
			isa = PBXNativeTarget;
			buildConfigurationList = 4C3D7E2D2C4B0ED30023BCF8 /* Build configuration list for PBXNativeTarget "SolitaireHands" */;
			buildPhases = (
				4C3D7DFD2C4B0ED20023BCF8 /* Sources */,
				4C3D7DFE2C4B0ED20023BCF8 /* Frameworks */,
				4C3D7DFF2C4B0ED20023BCF8 /* Resources */,
			);
			buildRules = (
			);
			dependencies = (
			);
			fileSystemSynchronizedGroups = (
				4C3D7E032C4B0ED20023BCF8 /* SolitaireHands */,
			);
			name = SolitaireHands;
			packageProductDependencies = (
			);
			productName = SolitaireHands;
			productReference = 4C3D7E012C4B0ED20023BCF8 /* SolitaireHands.app */;
			productType = "com.apple.product-type.application";
		};
		4C3D7E192C4B0ED30023BCF8 /* SolitaireHandsTests */ = {
			isa = PBXNativeTarget;
			buildConfigurationList = 4C3D7E332C4B0ED30023BCF8 /* Build configuration list for PBXNativeTarget "SolitaireHandsTests" */;
			buildPhases = (
				4C3D7E162C4B0ED30023BCF8 /* Sources */,
				4C3D7E172C4B0ED30023BCF8 /* Frameworks */,
				4C3D7E182C4B0ED30023BCF8 /* Resources */,
			);
			buildRules = (
			);
			dependencies = (
				4C3D7E1C2C4B0ED30023BCF8 /* PBXTargetDependency */,
			);
			fileSystemSynchronizedGroups = (
				4C3D7E1D2C4B0ED30023BCF8 /* SolitaireHandsTests */,
			);
			name = SolitaireHandsTests;
			packageProductDependencies = (
			);
			productName = SolitaireHandsTests;
			productReference = 4C3D7E1A2C4B0ED30023BCF8 /* SolitaireHandsTests.xctest */;
			productType = "com.apple.product-type.bundle.unit-test";
		};
		4C3D7E232C4B0ED30023BCF8 /* SolitaireHandsUITests */ = {
			isa = PBXNativeTarget;
			buildConfigurationList = 4C3D7E362C4B0ED30023BCF8 /* Build configuration list for PBXNativeTarget "SolitaireHandsUITests" */;
			buildPhases = (
				4C3D7E202C4B0ED30023BCF8 /* Sources */,
				4C3D7E212C4B0ED30023BCF8 /* Frameworks */,
				4C3D7E222C4B0ED30023BCF8 /* Resources */,
			);
			buildRules = (
			);
			dependencies = (
				4C3D7E262C4B0ED30023BCF8 /* PBXTargetDependency */,
			);
			fileSystemSynchronizedGroups = (
				4C3D7E272C4B0ED30023BCF8 /* SolitaireHandsUITests */,
			);
			name = SolitaireHandsUITests;
			packageProductDependencies = (
			);
			productName = SolitaireHandsUITests;
			productReference = 4C3D7E242C4B0ED30023BCF8 /* SolitaireHandsUITests.xctest */;
			productType = "com.apple.product-type.bundle.ui-testing";
		};
/* End PBXNativeTarget section */

/* Begin PBXProject section */
		4C3D7DF92C4B0ED20023BCF8 /* Project object */ = {
			isa = PBXProject;
			attributes = {
				BuildIndependentTargetsInParallel = 1;
				LastSwiftUpdateCheck = 1600;
				LastUpgradeCheck = 1600;
				TargetAttributes = {
					4C3D7E002C4B0ED20023BCF8 = {
						CreatedOnToolsVersion = 16.0;
					};
					4C3D7E192C4B0ED30023BCF8 = {
						CreatedOnToolsVersion = 16.0;
						TestTargetID = 4C3D7E002C4B0ED20023BCF8;
					};
					4C3D7E232C4B0ED30023BCF8 = {
						CreatedOnToolsVersion = 16.0;
						TestTargetID = 4C3D7E002C4B0ED20023BCF8;
					};
				};
			};
			buildConfigurationList = 4C3D7DFC2C4B0ED20023BCF8 /* Build configuration list for PBXProject "SolitaireHands" */;
			compatibilityVersion = "Xcode 15.0";
			developmentRegion = en;
			hasScannedForEncodings = 0;
			knownRegions = (
				en,
				Base,
			);
			mainGroup = 4C3D7DF82C4B0ED20023BCF8;
			productRefGroup = 4C3D7E022C4B0ED20023BCF8 /* Products */;
			projectDirPath = "";
			projectRoot = "";
			targets = (
				4C3D7E002C4B0ED20023BCF8 /* SolitaireHands */,
				4C3D7E192C4B0ED30023BCF8 /* SolitaireHandsTests */,
				4C3D7E232C4B0ED30023BCF8 /* SolitaireHandsUITests */,
			);
		};
/* End PBXProject section */

/* Begin PBXResourcesBuildPhase section */
		4C3D7DFF2C4B0ED20023BCF8 /* Resources */ = {
			isa = PBXResourcesBuildPhase;
			buildActionMask = 2147483647;
			files = (
			);
			runOnlyForDeploymentPostprocessing = 0;
		};
		4C3D7E182C4B0ED30023BCF8 /* Resources */ = {
			isa = PBXResourcesBuildPhase;
			buildActionMask = 2147483647;
			files = (
			);
			runOnlyForDeploymentPostprocessing = 0;
		};
		4C3D7E222C4B0ED30023BCF8 /* Resources */ = {
			isa = PBXResourcesBuildPhase;
			buildActionMask = 2147483647;
			files = (
			);
			runOnlyForDeploymentPostprocessing = 0;
		};
/* End PBXResourcesBuildPhase section */

/* Begin PBXSourcesBuildPhase section */
		4C3D7DFD2C4B0ED20023BCF8 /* Sources */ = {
			isa = PBXSourcesBuildPhase;
			buildActionMask = 2147483647;
			files = (
			);
			runOnlyForDeploymentPostprocessing = 0;
		};
		4C3D7E162C4B0ED30023BCF8 /* Sources */ = {
			isa = PBXSourcesBuildPhase;
			buildActionMask = 2147483647;
			files = (
			);
			runOnlyForDeploymentPostprocessing = 0;
		};
		4C3D7E202C4B0ED30023BCF8 /* Sources */ = {
			isa = PBXSourcesBuildPhase;
			buildActionMask = 2147483647;
			files = (
			);
			runOnlyForDeploymentPostprocessing = 0;
		};
/* End PBXSourcesBuildPhase section */

/* Begin PBXTargetDependency section */
		4C3D7E1C2C4B0ED30023BCF8 /* PBXTargetDependency */ = {
			isa = PBXTargetDependency;
			target = 4C3D7E002C4B0ED20023BCF8 /* SolitaireHands */;
			targetProxy = 4C3D7E1B2C4B0ED30023BCF8 /* PBXContainerItemProxy */;
		};
		4C3D7E262C4B0ED30023BCF8 /* PBXTargetDependency */ = {
			isa = PBXTargetDependency;
			target = 4C3D7E002C4B0ED20023BCF8 /* SolitaireHands */;
			targetProxy = 4C3D7E252C4B0ED30023BCF8 /* PBXContainerItemProxy */;
		};
/* End PBXTargetDependency section */

/* Begin XCBuildConfiguration section */
		4C3D7E2E2C4B0ED30023BCF8 /* Debug */ = {
			isa = XCBuildConfiguration;
			buildSettings = {
				ASSETCATALOG_COMPILER_APPICON_NAME = AppIcon;
				ASSETCATALOG_COMPILER_GLOBAL_ACCENT_COLOR_NAME = AccentColor;
				CODE_SIGN_STYLE = Automatic;
				CURRENT_PROJECT_VERSION = 1;
				DEVELOPMENT_TEAM = 3YBXLUM2ZC;
				GENERATE_INFOPLIST_FILE = YES;
				INFOPLIST_KEY_UIApplicationSupportsIndirectInputEvents = YES;
				INFOPLIST_KEY_UILaunchStoryboardName = LaunchScreen;
				INFOPLIST_KEY_UIMainStoryboardFile = Main;
				INFOPLIST_KEY_UIStatusBarHidden = YES;
				INFOPLIST_KEY_UISupportedInterfaceOrientations_iPad = "UIInterfaceOrientationPortrait UIInterfaceOrientationPortraitUpsideDown UIInterfaceOrientationLandscapeLeft UIInterfaceOrientationLandscapeRight";
				INFOPLIST_KEY_UISupportedInterfaceOrientations_iPhone = "UIInterfaceOrientationPortrait UIInterfaceOrientationLandscapeLeft UIInterfaceOrientationLandscapeRight";
				LD_RUNPATH_SEARCH_PATHS = (
					"$(inherited)",
					"@executable_path/Frameworks",
				);
				MARKETING_VERSION = 1.0;
				PRODUCT_BUNDLE_IDENTIFIER = com.FraserBrookhouse.SolitaireHands;
				PRODUCT_NAME = "$(TARGET_NAME)";
				SWIFT_EMIT_LOC_STRINGS = YES;
				SWIFT_VERSION = 5.0;
				TARGETED_DEVICE_FAMILY = "1,2";
			};
			name = Debug;
		};
		4C3D7E2F2C4B0ED30023BCF8 /* Release */ = {
			isa = XCBuildConfiguration;
			buildSettings = {
				ASSETCATALOG_COMPILER_APPICON_NAME = AppIcon;
				ASSETCATALOG_COMPILER_GLOBAL_ACCENT_COLOR_NAME = AccentColor;
				CODE_SIGN_STYLE = Automatic;
				CURRENT_PROJECT_VERSION = 1;
				DEVELOPMENT_TEAM = 3YBXLUM2ZC;
				GENERATE_INFOPLIST_FILE = YES;
				INFOPLIST_KEY_UIApplicationSupportsIndirectInputEvents = YES;
				INFOPLIST_KEY_UILaunchStoryboardName = LaunchScreen;
				INFOPLIST_KEY_UIMainStoryboardFile = Main;
				INFOPLIST_KEY_UIStatusBarHidden = YES;
				INFOPLIST_KEY_UISupportedInterfaceOrientations_iPad = "UIInterfaceOrientationPortrait UIInterfaceOrientationPortraitUpsideDown UIInterfaceOrientationLandscapeLeft UIInterfaceOrientationLandscapeRight";
				INFOPLIST_KEY_UISupportedInterfaceOrientations_iPhone = "UIInterfaceOrientationPortrait UIInterfaceOrientationLandscapeLeft UIInterfaceOrientationLandscapeRight";
				LD_RUNPATH_SEARCH_PATHS = (
					"$(inherited)",
					"@executable_path/Frameworks",
				);
				MARKETING_VERSION = 1.0;
				PRODUCT_BUNDLE_IDENTIFIER = com.FraserBrookhouse.SolitaireHands;
				PRODUCT_NAME = "$(TARGET_NAME)";
				SWIFT_EMIT_LOC_STRINGS = YES;
				SWIFT_VERSION = 5.0;
				TARGETED_DEVICE_FAMILY = "1,2";
			};
			name = Release;
		};
		4C3D7E312C4B0ED30023BCF8 /* Debug */ = {
			isa = XCBuildConfiguration;
			buildSettings = {
				ALWAYS_SEARCH_USER_PATHS = NO;
				ASSETCATALOG_COMPILER_GENERATE_SWIFT_ASSET_SYMBOL_EXTENSIONS = YES;
				CLANG_ANALYZER_NONNULL = YES;
				CLANG_ANALYZER_NUMBER_OBJECT_CONVERSION = YES_AGGRESSIVE;
				CLANG_CXX_LANGUAGE_STANDARD = "gnu++20";
				CLANG_ENABLE_MODULES = YES;
				CLANG_ENABLE_OBJC_ARC = YES;
				CLANG_ENABLE_OBJC_WEAK = YES;
				CLANG_WARN_BLOCK_CAPTURE_AUTORELEASING = YES;
				CLANG_WARN_BOOL_CONVERSION = YES;
				CLANG_WARN_COMMA = YES;
				CLANG_WARN_CONSTANT_CONVERSION = YES;
				CLANG_WARN_DEPRECATED_OBJC_IMPLEMENTATIONS = YES;
				CLANG_WARN_DIRECT_OBJC_ISA_USAGE = YES_ERROR;
				CLANG_WARN_DOCUMENTATION_COMMENTS = YES;
				CLANG_WARN_EMPTY_BODY = YES;
				CLANG_WARN_ENUM_CONVERSION = YES;
				CLANG_WARN_INFINITE_RECURSION = YES;
				CLANG_WARN_INT_CONVERSION = YES;
				CLANG_WARN_NON_LITERAL_NULL_CONVERSION = YES;
				CLANG_WARN_OBJC_IMPLICIT_RETAIN_SELF = YES;
				CLANG_WARN_OBJC_LITERAL_CONVERSION = YES;
				CLANG_WARN_OBJC_ROOT_CLASS = YES_ERROR;
				CLANG_WARN_QUOTED_INCLUDE_IN_FRAMEWORK_HEADER = YES;
				CLANG_WARN_RANGE_LOOP_ANALYSIS = YES;
				CLANG_WARN_STRICT_PROTOTYPES = YES;
				CLANG_WARN_SUSPICIOUS_MOVE = YES;
				CLANG_WARN_UNGUARDED_AVAILABILITY = YES_AGGRESSIVE;
				CLANG_WARN_UNREACHABLE_CODE = YES;
				CLANG_WARN__DUPLICATE_METHOD_MATCH = YES;
				COPY_PHASE_STRIP = NO;
				DEBUG_INFORMATION_FORMAT = dwarf;
				ENABLE_STRICT_OBJC_MSGSEND = YES;
				ENABLE_TESTABILITY = YES;
				ENABLE_USER_SCRIPT_SANDBOXING = YES;
				GCC_C_LANGUAGE_STANDARD = gnu17;
				GCC_DYNAMIC_NO_PIC = NO;
				GCC_NO_COMMON_BLOCKS = YES;
				GCC_OPTIMIZATION_LEVEL = 0;
				GCC_PREPROCESSOR_DEFINITIONS = (
					"DEBUG=1",
					"$(inherited)",
				);
				GCC_WARN_64_TO_32_BIT_CONVERSION = YES;
				GCC_WARN_ABOUT_RETURN_TYPE = YES_ERROR;
				GCC_WARN_UNDECLARED_SELECTOR = YES;
				GCC_WARN_UNINITIALIZED_AUTOS = YES_AGGRESSIVE;
				GCC_WARN_UNUSED_FUNCTION = YES;
				GCC_WARN_UNUSED_VARIABLE = YES;
				IPHONEOS_DEPLOYMENT_TARGET = 18.0;
				LOCALIZATION_PREFERS_STRING_CATALOGS = YES;
				MTL_ENABLE_DEBUG_INFO = INCLUDE_SOURCE;
				MTL_FAST_MATH = YES;
				ONLY_ACTIVE_ARCH = YES;
				SDKROOT = iphoneos;
				SWIFT_ACTIVE_COMPILATION_CONDITIONS = "DEBUG $(inherited)";
				SWIFT_OPTIMIZATION_LEVEL = "-Onone";
			};
			name = Debug;
		};
		4C3D7E322C4B0ED30023BCF8 /* Release */ = {
			isa = XCBuildConfiguration;
			buildSettings = {
				ALWAYS_SEARCH_USER_PATHS = NO;
				ASSETCATALOG_COMPILER_GENERATE_SWIFT_ASSET_SYMBOL_EXTENSIONS = YES;
				CLANG_ANALYZER_NONNULL = YES;
				CLANG_ANALYZER_NUMBER_OBJECT_CONVERSION = YES_AGGRESSIVE;
				CLANG_CXX_LANGUAGE_STANDARD = "gnu++20";
				CLANG_ENABLE_MODULES = YES;
				CLANG_ENABLE_OBJC_ARC = YES;
				CLANG_ENABLE_OBJC_WEAK = YES;
				CLANG_WARN_BLOCK_CAPTURE_AUTORELEASING = YES;
				CLANG_WARN_BOOL_CONVERSION = YES;
				CLANG_WARN_COMMA = YES;
				CLANG_WARN_CONSTANT_CONVERSION = YES;
				CLANG_WARN_DEPRECATED_OBJC_IMPLEMENTATIONS = YES;
				CLANG_WARN_DIRECT_OBJC_ISA_USAGE = YES_ERROR;
				CLANG_WARN_DOCUMENTATION_COMMENTS = YES;
				CLANG_WARN_EMPTY_BODY = YES;
				CLANG_WARN_ENUM_CONVERSION = YES;
				CLANG_WARN_INFINITE_RECURSION = YES;
				CLANG_WARN_INT_CONVERSION = YES;
				CLANG_WARN_NON_LITERAL_NULL_CONVERSION = YES;
				CLANG_WARN_OBJC_IMPLICIT_RETAIN_SELF = YES;
				CLANG_WARN_OBJC_LITERAL_CONVERSION = YES;
				CLANG_WARN_OBJC_ROOT_CLASS = YES_ERROR;
				CLANG_WARN_QUOTED_INCLUDE_IN_FRAMEWORK_HEADER = YES;
				CLANG_WARN_RANGE_LOOP_ANALYSIS = YES;
				CLANG_WARN_STRICT_PROTOTYPES = YES;
				CLANG_WARN_SUSPICIOUS_MOVE = YES;
				CLANG_WARN_UNGUARDED_AVAILABILITY = YES_AGGRESSIVE;
				CLANG_WARN_UNREACHABLE_CODE = YES;
				CLANG_WARN__DUPLICATE_METHOD_MATCH = YES;
				COPY_PHASE_STRIP = NO;
				DEBUG_INFORMATION_FORMAT = "dwarf-with-dsym";
				ENABLE_NS_ASSERTIONS = NO;
				ENABLE_STRICT_OBJC_MSGSEND = YES;
				ENABLE_USER_SCRIPT_SANDBOXING = YES;
				GCC_C_LANGUAGE_STANDARD = gnu17;
				GCC_NO_COMMON_BLOCKS = YES;
				GCC_WARN_64_TO_32_BIT_CONVERSION = YES;
				GCC_WARN_ABOUT_RETURN_TYPE = YES_ERROR;
				GCC_WARN_UNDECLARED_SELECTOR = YES;
				GCC_WARN_UNINITIALIZED_AUTOS = YES_AGGRESSIVE;
				GCC_WARN_UNUSED_FUNCTION = YES;
				GCC_WARN_UNUSED_VARIABLE = YES;
				IPHONEOS_DEPLOYMENT_TARGET = 18.0;
				LOCALIZATION_PREFERS_STRING_CATALOGS = YES;
				MTL_ENABLE_DEBUG_INFO = NO;
				MTL_FAST_MATH = YES;
				SDKROOT = iphoneos;
				SWIFT_COMPILATION_MODE = wholemodule;
				VALIDATE_PRODUCT = YES;
			};
			name = Release;
		};
		4C3D7E342C4B0ED30023BCF8 /* Debug */ = {
			isa = XCBuildConfiguration;
			buildSettings = {
				BUNDLE_LOADER = "$(TEST_HOST)";
				CODE_SIGN_STYLE = Automatic;
				CURRENT_PROJECT_VERSION = 1;
				DEVELOPMENT_TEAM = 3YBXLUM2ZC;
				GENERATE_INFOPLIST_FILE = YES;
				IPHONEOS_DEPLOYMENT_TARGET = 18.0;
				MARKETING_VERSION = 1.0;
				PRODUCT_BUNDLE_IDENTIFIER = com.FraserBrookhouse.SolitaireHandsTests;
				PRODUCT_NAME = "$(TARGET_NAME)";
				SWIFT_EMIT_LOC_STRINGS = NO;
				SWIFT_VERSION = 5.0;
				TARGETED_DEVICE_FAMILY = "1,2";
				TEST_HOST = "$(BUILT_PRODUCTS_DIR)/SolitaireHands.app/$(BUNDLE_EXECUTABLE_FOLDER_PATH)/SolitaireHands";
			};
			name = Debug;
		};
		4C3D7E352C4B0ED30023BCF8 /* Release */ = {
			isa = XCBuildConfiguration;
			buildSettings = {
				BUNDLE_LOADER = "$(TEST_HOST)";
				CODE_SIGN_STYLE = Automatic;
				CURRENT_PROJECT_VERSION = 1;
				DEVELOPMENT_TEAM = 3YBXLUM2ZC;
				GENERATE_INFOPLIST_FILE = YES;
				IPHONEOS_DEPLOYMENT_TARGET = 18.0;
				MARKETING_VERSION = 1.0;
				PRODUCT_BUNDLE_IDENTIFIER = com.FraserBrookhouse.SolitaireHandsTests;
				PRODUCT_NAME = "$(TARGET_NAME)";
				SWIFT_EMIT_LOC_STRINGS = NO;
				SWIFT_VERSION = 5.0;
				TARGETED_DEVICE_FAMILY = "1,2";
				TEST_HOST = "$(BUILT_PRODUCTS_DIR)/SolitaireHands.app/$(BUNDLE_EXECUTABLE_FOLDER_PATH)/SolitaireHands";
			};
			name = Release;
		};
		4C3D7E372C4B0ED30023BCF8 /* Debug */ = {
			isa = XCBuildConfiguration;
			buildSettings = {
				CODE_SIGN_STYLE = Automatic;
				CURRENT_PROJECT_VERSION = 1;
				DEVELOPMENT_TEAM = 3YBXLUM2ZC;
				GENERATE_INFOPLIST_FILE = YES;
				MARKETING_VERSION = 1.0;
				PRODUCT_BUNDLE_IDENTIFIER = com.FraserBrookhouse.SolitaireHandsUITests;
				PRODUCT_NAME = "$(TARGET_NAME)";
				SWIFT_EMIT_LOC_STRINGS = NO;
				SWIFT_VERSION = 5.0;
				TARGETED_DEVICE_FAMILY = "1,2";
				TEST_TARGET_NAME = SolitaireHands;
			};
			name = Debug;
		};
		4C3D7E382C4B0ED30023BCF8 /* Release */ = {
			isa = XCBuildConfiguration;
			buildSettings = {
				CODE_SIGN_STYLE = Automatic;
				CURRENT_PROJECT_VERSION = 1;
				DEVELOPMENT_TEAM = 3YBXLUM2ZC;
				GENERATE_INFOPLIST_FILE = YES;
				MARKETING_VERSION = 1.0;
				PRODUCT_BUNDLE_IDENTIFIER = com.FraserBrookhouse.SolitaireHandsUITests;
				PRODUCT_NAME = "$(TARGET_NAME)";
				SWIFT_EMIT_LOC_STRINGS = NO;
				SWIFT_VERSION = 5.0;
				TARGETED_DEVICE_FAMILY = "1,2";
				TEST_TARGET_NAME = SolitaireHands;
			};
			name = Release;
		};
/* End XCBuildConfiguration section */

/* Begin XCConfigurationList section */
		4C3D7DFC2C4B0ED20023BCF8 /* Build configuration list for PBXProject "SolitaireHands" */ = {
			isa = XCConfigurationList;
			buildConfigurations = (
				4C3D7E312C4B0ED30023BCF8 /* Debug */,
				4C3D7E322C4B0ED30023BCF8 /* Release */,
			);
			defaultConfigurationIsVisible = 0;
			defaultConfigurationName = Release;
		};
		4C3D7E2D2C4B0ED30023BCF8 /* Build configuration list for PBXNativeTarget "SolitaireHands" */ = {
			isa = XCConfigurationList;
			buildConfigurations = (
				4C3D7E2E2C4B0ED30023BCF8 /* Debug */,
				4C3D7E2F2C4B0ED30023BCF8 /* Release */,
			);
			defaultConfigurationIsVisible = 0;
			defaultConfigurationName = Release;
		};
		4C3D7E332C4B0ED30023BCF8 /* Build configuration list for PBXNativeTarget "SolitaireHandsTests" */ = {
			isa = XCConfigurationList;
			buildConfigurations = (
				4C3D7E342C4B0ED30023BCF8 /* Debug */,
				4C3D7E352C4B0ED30023BCF8 /* Release */,
			);
			defaultConfigurationIsVisible = 0;
			defaultConfigurationName = Release;
		};
		4C3D7E362C4B0ED30023BCF8 /* Build configuration list for PBXNativeTarget "SolitaireHandsUITests" */ = {
			isa = XCConfigurationList;
			buildConfigurations = (
				4C3D7E372C4B0ED30023BCF8 /* Debug */,
				4C3D7E382C4B0ED30023BCF8 /* Release */,
			);
			defaultConfigurationIsVisible = 0;
			defaultConfigurationName = Release;
		};
/* End XCConfigurationList section */
	};
	rootObject = 4C3D7DF92C4B0ED20023BCF8 /* Project object */;
}
